{
  "name": "log",
  "lockfileVersion": 2,
  "requires": true,
  "packages": {
    "": {
      "dependencies": {
        "console-log-colors": "^0.3.1"
      }
    },
    "node_modules/console-log-colors": {
      "version": "0.3.1",
      "resolved": "https://registry.npmjs.org/console-log-colors/-/console-log-colors-0.3.1.tgz",
      "integrity": "sha512-LBkVFQ56ByMl2I48k4FscIxa8PnIwb7duJ4FnN33hkHKM/LhMrpHCfo3L338nbHQuwupseaPb/AwMG0FtP4neg==",
      "engines": {
        "node": ">= 4.1.0"
      }
    }
  },
  "dependencies": {
    "console-log-colors": {
      "version": "0.3.1",
      "resolved": "https://registry.npmjs.org/console-log-colors/-/console-log-colors-0.3.1.tgz",
      "integrity": "sha512-LBkVFQ56ByMl2I48k4FscIxa8PnIwb7duJ4FnN33hkHKM/LhMrpHCfo3L338nbHQuwupseaPb/AwMG0FtP4neg=="
    }
  }
}
